// !$*UTF8*$!
{
	archiveVersion = 1;
	classes = {
	};
	objectVersion = 50;
	objects = {

/* Begin PBXBuildFile section */
		367B8EB1244E9A6E00F9D489 /* AppDelegate.swift in Sources */ = {isa = PBXBuildFile; fileRef = 367B8EB0244E9A6E00F9D489 /* AppDelegate.swift */; };
		367B8EB3244E9A6E00F9D489 /* SceneDelegate.swift in Sources */ = {isa = PBXBuildFile; fileRef = 367B8EB2244E9A6E00F9D489 /* SceneDelegate.swift */; };
		367B8EB5244E9A6E00F9D489 /* ViewController.swift in Sources */ = {isa = PBXBuildFile; fileRef = 367B8EB4244E9A6E00F9D489 /* ViewController.swift */; };
		367B8EB8244E9A6E00F9D489 /* Main.storyboard in Resources */ = {isa = PBXBuildFile; fileRef = 367B8EB6244E9A6E00F9D489 /* Main.storyboard */; };
		367B8EBA244E9A7200F9D489 /* Assets.xcassets in Resources */ = {isa = PBXBuildFile; fileRef = 367B8EB9244E9A7200F9D489 /* Assets.xcassets */; };
		367B8EBD244E9A7200F9D489 /* LaunchScreen.storyboard in Resources */ = {isa = PBXBuildFile; fileRef = 367B8EBB244E9A7200F9D489 /* LaunchScreen.storyboard */; };
/* End PBXBuildFile section */

/* Begin PBXFileReference section */
		367B8EAD244E9A6E00F9D489 /* 堆操作.app */ = {isa = PBXFileReference; explicitFileType = wrapper.application; includeInIndex = 0; path = "堆操作.app"; sourceTree = BUILT_PRODUCTS_DIR; };
		367B8EB0244E9A6E00F9D489 /* AppDelegate.swift */ = {isa = PBXFileReference; lastKnownFileType = sourcecode.swift; path = AppDelegate.swift; sourceTree = "<group>"; };
		367B8EB2244E9A6E00F9D489 /* SceneDelegate.swift */ = {isa = PBXFileReference; lastKnownFileType = sourcecode.swift; path = SceneDelegate.swift; sourceTree = "<group>"; };
		367B8EB4244E9A6E00F9D489 /* ViewController.swift */ = {isa = PBXFileReference; lastKnownFileType = sourcecode.swift; path = ViewController.swift; sourceTree = "<group>"; };
		367B8EB7244E9A6E00F9D489 /* Base */ = {isa = PBXFileReference; lastKnownFileType = file.storyboard; name = Base; path = Base.lproj/Main.storyboard; sourceTree = "<group>"; };
		367B8EB9244E9A7200F9D489 /* Assets.xcassets */ = {isa = PBXFileReference; lastKnownFileType = folder.assetcatalog; path = Assets.xcassets; sourceTree = "<group>"; };
		367B8EBC244E9A7200F9D489 /* Base */ = {isa = PBXFileReference; lastKnownFileType = file.storyboard; name = Base; path = Base.lproj/LaunchScreen.storyboard; sourceTree = "<group>"; };
		367B8EBE244E9A7200F9D489 /* Info.plist */ = {isa = PBXFileReference; lastKnownFileType = text.plist.xml; path = Info.plist; sourceTree = "<group>"; };
/* End PBXFileReference section */

/* Begin PBXFrameworksBuildPhase section */
		367B8EAA244E9A6E00F9D489 /* Frameworks */ = {
			isa = PBXFrameworksBuildPhase;
			buildActionMask = 2147483647;
			files = (
			);
			runOnlyForDeploymentPostprocessing = 0;
		};
/* End PBXFrameworksBuildPhase section */

/* Begin PBXGroup section */
		367B8EA4244E9A6E00F9D489 = {
			isa = PBXGroup;
			children = (
				367B8EAF244E9A6E00F9D489 /* 堆操作 */,
				367B8EAE244E9A6E00F9D489 /* Products */,
			);
			sourceTree = "<group>";
		};
		367B8EAE244E9A6E00F9D489 /* Products */ = {
			isa = PBXGroup;
			children = (
				367B8EAD244E9A6E00F9D489 /* 堆操作.app */,
			);
			name = Products;
			sourceTree = "<group>";
		};
		367B8EAF244E9A6E00F9D489 /* 堆操作 */ = {
			isa = PBXGroup;
			children = (
				367B8EB0244E9A6E00F9D489 /* AppDelegate.swift */,
				367B8EB2244E9A6E00F9D489 /* SceneDelegate.swift */,
				367B8EB4244E9A6E00F9D489 /* ViewController.swift */,
				367B8EB6244E9A6E00F9D489 /* Main.storyboard */,
				367B8EB9244E9A7200F9D489 /* Assets.xcassets */,
				367B8EBB244E9A7200F9D489 /* LaunchScreen.storyboard */,
				367B8EBE244E9A7200F9D489 /* Info.plist */,
			);
			path = "堆操作";
			sourceTree = "<group>";
		};
/* End PBXGroup section */

/* Begin PBXNativeTarget section */
		367B8EAC244E9A6E00F9D489 /* 堆操作 */ = {
			isa = PBXNativeTarget;
			buildConfigurationList = 367B8EC1244E9A7200F9D489 /* Build configuration list for PBXNativeTarget "堆操作" */;
			buildPhases = (
				367B8EA9244E9A6E00F9D489 /* Sources */,
				367B8EAA244E9A6E00F9D489 /* Frameworks */,
				367B8EAB244E9A6E00F9D489 /* Resources */,
			);
			buildRules = (
			);
			dependencies = (
			);
			name = "堆操作";
			productName = "堆操作";
			productReference = 367B8EAD244E9A6E00F9D489 /* 堆操作.app */;
			productType = "com.apple.product-type.application";
		};
/* End PBXNativeTarget section */

/* Begin PBXProject section */
		367B8EA5244E9A6E00F9D489 /* Project object */ = {
			isa = PBXProject;
			attributes = {
				LastSwiftUpdateCheck = 1140;
				LastUpgradeCheck = 1140;
				ORGANIZATIONNAME = xj;
				TargetAttributes = {
					367B8EAC244E9A6E00F9D489 = {
						CreatedOnToolsVersion = 11.4;
					};
				};
			};
			buildConfigurationList = 367B8EA8244E9A6E00F9D489 /* Build configuration list for PBXProject "堆操作" */;
			compatibilityVersion = "Xcode 9.3";
			developmentRegion = en;
			hasScannedForEncodings = 0;
			knownRegions = (
				en,
				Base,
			);
			mainGroup = 367B8EA4244E9A6E00F9D489;
			productRefGroup = 367B8EAE244E9A6E00F9D489 /* Products */;
			projectDirPath = "";
			projectRoot = "";
			targets = (
				367B8EAC244E9A6E00F9D489 /* 堆操作 */,
			);
		};
/* End PBXProject section */

/* Begin PBXResourcesBuildPhase section */
		367B8EAB244E9A6E00F9D489 /* Resources */ = {
			isa = PBXResourcesBuildPhase;
			buildActionMask = 2147483647;
			files = (
				367B8EBD244E9A7200F9D489 /* LaunchScreen.storyboard in Resources */,
				367B8EBA244E9A7200F9D489 /* Assets.xcassets in Resources */,
				367B8EB8244E9A6E00F9D489 /* Main.storyboard in Resources */,
			);
			runOnlyForDeploymentPostprocessing = 0;
		};
/* End PBXResourcesBuildPhase section */

/* Begin PBXSourcesBuildPhase section */
		367B8EA9244E9A6E00F9D489 /* Sources */ = {
			isa = PBXSourcesBuildPhase;
			buildActionMask = 2147483647;
			files = (
				367B8EB5244E9A6E00F9D489 /* ViewController.swift in Sources */,
				367B8EB1244E9A6E00F9D489 /* AppDelegate.swift in Sources */,
				367B8EB3244E9A6E00F9D489 /* SceneDelegate.swift in Sources */,
			);
			runOnlyForDeploymentPostprocessing = 0;
		};
/* End PBXSourcesBuildPhase section */

/* Begin PBXVariantGroup section */
		367B8EB6244E9A6E00F9D489 /* Main.storyboard */ = {
			isa = PBXVariantGroup;
			children = (
				367B8EB7244E9A6E00F9D489 /* Base */,
			);
			name = Main.storyboard;
			sourceTree = "<group>";
		};
		367B8EBB244E9A7200F9D489 /* LaunchScreen.storyboard */ = {
			isa = PBXVariantGroup;
			children = (
				367B8EBC244E9A7200F9D489 /* Base */,
			);
			name = LaunchScreen.storyboard;
			sourceTree = "<group>";
		};
/* End PBXVariantGroup section */

/* Begin XCBuildConfiguration section */
		367B8EBF244E9A7200F9D489 /* Debug */ = {
			isa = XCBuildConfiguration;
			buildSettings = {
				ALWAYS_SEARCH_USER_PATHS = NO;
				CLANG_ANALYZER_NONNULL = YES;
				CLANG_ANALYZER_NUMBER_OBJECT_CONVERSION = YES_AGGRESSIVE;
				CLANG_CXX_LANGUAGE_STANDARD = "gnu++14";
				CLANG_CXX_LIBRARY = "libc++";
				CLANG_ENABLE_MODULES = YES;
				CLANG_ENABLE_OBJC_ARC = YES;
				CLANG_ENABLE_OBJC_WEAK = YES;
				CLANG_WARN_BLOCK_CAPTURE_AUTORELEASING = YES;
				CLANG_WARN_BOOL_CONVERSION = YES;
				CLANG_WARN_COMMA = YES;
				CLANG_WARN_CONSTANT_CONVERSION = YES;
				CLANG_WARN_DEPRECATED_OBJC_IMPLEMENTATIONS = YES;
				CLANG_WARN_DIRECT_OBJC_ISA_USAGE = YES_ERROR;
				CLANG_WARN_DOCUMENTATION_COMMENTS = YES;
				CLANG_WARN_EMPTY_BODY = YES;
				CLANG_WARN_ENUM_CONVERSION = YES;
				CLANG_WARN_INFINITE_RECURSION = YES;
				CLANG_WARN_INT_CONVERSION = YES;
				CLANG_WARN_NON_LITERAL_NULL_CONVERSION = YES;
				CLANG_WARN_OBJC_IMPLICIT_RETAIN_SELF = YES;
				CLANG_WARN_OBJC_LITERAL_CONVERSION = YES;
				CLANG_WARN_OBJC_ROOT_CLASS = YES_ERROR;
				CLANG_WARN_RANGE_LOOP_ANALYSIS = YES;
				CLANG_WARN_STRICT_PROTOTYPES = YES;
				CLANG_WARN_SUSPICIOUS_MOVE = YES;
				CLANG_WARN_UNGUARDED_AVAILABILITY = YES_AGGRESSIVE;
				CLANG_WARN_UNREACHABLE_CODE = YES;
				CLANG_WARN__DUPLICATE_METHOD_MATCH = YES;
				COPY_PHASE_STRIP = NO;
				DEBUG_INFORMATION_FORMAT = dwarf;
				ENABLE_STRICT_OBJC_MSGSEND = YES;
				ENABLE_TESTABILITY = YES;
				GCC_C_LANGUAGE_STANDARD = gnu11;
				GCC_DYNAMIC_NO_PIC = NO;
				GCC_NO_COMMON_BLOCKS = YES;
				GCC_OPTIMIZATION_LEVEL = 0;
				GCC_PREPROCESSOR_DEFINITIONS = (
					"DEBUG=1",
					"$(inherited)",
				);
				GCC_WARN_64_TO_32_BIT_CONVERSION = YES;
				GCC_WARN_ABOUT_RETURN_TYPE = YES_ERROR;
				GCC_WARN_UNDECLARED_SELECTOR = YES;
				GCC_WARN_UNINITIALIZED_AUTOS = YES_AGGRESSIVE;
				GCC_WARN_UNUSED_FUNCTION = YES;
				GCC_WARN_UNUSED_VARIABLE = YES;
				IPHONEOS_DEPLOYMENT_TARGET = 13.4;
				MTL_ENABLE_DEBUG_INFO = INCLUDE_SOURCE;
				MTL_FAST_MATH = YES;
				ONLY_ACTIVE_ARCH = YES;
				SDKROOT = iphoneos;
				SWIFT_ACTIVE_COMPILATION_CONDITIONS = DEBUG;
				SWIFT_OPTIMIZATION_LEVEL = "-Onone";
			};
			name = Debug;
		};
		367B8EC0244E9A7200F9D489 /* Release */ = {
			isa = XCBuildConfiguration;
			buildSettings = {
				ALWAYS_SEARCH_USER_PATHS = NO;
				CLANG_ANALYZER_NONNULL = YES;
				CLANG_ANALYZER_NUMBER_OBJECT_CONVERSION = YES_AGGRESSIVE;
				CLANG_CXX_LANGUAGE_STANDARD = "gnu++14";
				CLANG_CXX_LIBRARY = "libc++";
				CLANG_ENABLE_MODULES = YES;
				CLANG_ENABLE_OBJC_ARC = YES;
				CLANG_ENABLE_OBJC_WEAK = YES;
				CLANG_WARN_BLOCK_CAPTURE_AUTORELEASING = YES;
				CLANG_WARN_BOOL_CONVERSION = YES;
				CLANG_WARN_COMMA = YES;
				CLANG_WARN_CONSTANT_CONVERSION = YES;
				CLANG_WARN_DEPRECATED_OBJC_IMPLEMENTATIONS = YES;
				CLANG_WARN_DIRECT_OBJC_ISA_USAGE = YES_ERROR;
				CLANG_WARN_DOCUMENTATION_COMMENTS = YES;
				CLANG_WARN_EMPTY_BODY = YES;
				CLANG_WARN_ENUM_CONVERSION = YES;
				CLANG_WARN_INFINITE_RECURSION = YES;
				CLANG_WARN_INT_CONVERSION = YES;
				CLANG_WARN_NON_LITERAL_NULL_CONVERSION = YES;
				CLANG_WARN_OBJC_IMPLICIT_RETAIN_SELF = YES;
				CLANG_WARN_OBJC_LITERAL_CONVERSION = YES;
				CLANG_WARN_OBJC_ROOT_CLASS = YES_ERROR;
				CLANG_WARN_RANGE_LOOP_ANALYSIS = YES;
				CLANG_WARN_STRICT_PROTOTYPES = YES;
				CLANG_WARN_SUSPICIOUS_MOVE = YES;
				CLANG_WARN_UNGUARDED_AVAILABILITY = YES_AGGRESSIVE;
				CLANG_WARN_UNREACHABLE_CODE = YES;
				CLANG_WARN__DUPLICATE_METHOD_MATCH = YES;
				COPY_PHASE_STRIP = NO;
				DEBUG_INFORMATION_FORMAT = "dwarf-with-dsym";
				ENABLE_NS_ASSERTIONS = NO;
				ENABLE_STRICT_OBJC_MSGSEND = YES;
				GCC_C_LANGUAGE_STANDARD = gnu11;
				GCC_NO_COMMON_BLOCKS = YES;
				GCC_WARN_64_TO_32_BIT_CONVERSION = YES;
				GCC_WARN_ABOUT_RETURN_TYPE = YES_ERROR;
				GCC_WARN_UNDECLARED_SELECTOR = YES;
				GCC_WARN_UNINITIALIZED_AUTOS = YES_AGGRESSIVE;
				GCC_WARN_UNUSED_FUNCTION = YES;
				GCC_WARN_UNUSED_VARIABLE = YES;
				IPHONEOS_DEPLOYMENT_TARGET = 13.4;
				MTL_ENABLE_DEBUG_INFO = NO;
				MTL_FAST_MATH = YES;
				SDKROOT = iphoneos;
				SWIFT_COMPILATION_MODE = wholemodule;
				SWIFT_OPTIMIZATION_LEVEL = "-O";
				VALIDATE_PRODUCT = YES;
			};
			name = Release;
		};
		367B8EC2244E9A7200F9D489 /* Debug */ = {
			isa = XCBuildConfiguration;
			buildSettings = {
				ASSETCATALOG_COMPILER_APPICON_NAME = AppIcon;
				CODE_SIGN_STYLE = Automatic;
				INFOPLIST_FILE = "堆操作/Info.plist";
				LD_RUNPATH_SEARCH_PATHS = (
					"$(inherited)",
					"@executable_path/Frameworks",
				);
				PRODUCT_BUNDLE_IDENTIFIER = "com.meten.ABCAPP.---";
				PRODUCT_NAME = "$(TARGET_NAME)";
				SWIFT_VERSION = 5.0;
				TARGETED_DEVICE_FAMILY = "1,2";
			};
			name = Debug;
		};
		367B8EC3244E9A7200F9D489 /* Release */ = {
			isa = XCBuildConfiguration;
			buildSettings = {
				ASSETCATALOG_COMPILER_APPICON_NAME = AppIcon;
				CODE_SIGN_STYLE = Automatic;
				INFOPLIST_FILE = "堆操作/Info.plist";
				LD_RUNPATH_SEARCH_PATHS = (
					"$(inherited)",
					"@executable_path/Frameworks",
				);
				PRODUCT_BUNDLE_IDENTIFIER = "com.meten.ABCAPP.---";
				PRODUCT_NAME = "$(TARGET_NAME)";
				SWIFT_VERSION = 5.0;
				TARGETED_DEVICE_FAMILY = "1,2";
			};
			name = Release;
		};
/* End XCBuildConfiguration section */

/* Begin XCConfigurationList section */
		367B8EA8244E9A6E00F9D489 /* Build configuration list for PBXProject "堆操作" */ = {
			isa = XCConfigurationList;
			buildConfigurations = (
				367B8EBF244E9A7200F9D489 /* Debug */,
				367B8EC0244E9A7200F9D489 /* Release */,
			);
			defaultConfigurationIsVisible = 0;
			defaultConfigurationName = Release;
		};
		367B8EC1244E9A7200F9D489 /* Build configuration list for PBXNativeTarget "堆操作" */ = {
			isa = XCConfigurationList;
			buildConfigurations = (
				367B8EC2244E9A7200F9D489 /* Debug */,
				367B8EC3244E9A7200F9D489 /* Release */,
			);
			defaultConfigurationIsVisible = 0;
			defaultConfigurationName = Release;
		};
/* End XCConfigurationList section */
	};
	rootObject = 367B8EA5244E9A6E00F9D489 /* Project object */;
}
