// !$*UTF8*$!
{
	archiveVersion = 1;
	classes = {
	};
	objectVersion = 50;
	objects = {

/* Begin PBXBuildFile section */
		36E01DA42427A1A40033FCAB /* AppDelegate.swift in Sources */ = {isa = PBXBuildFile; fileRef = 36E01DA32427A1A40033FCAB /* AppDelegate.swift */; };
		36E01DA62427A1A40033FCAB /* SceneDelegate.swift in Sources */ = {isa = PBXBuildFile; fileRef = 36E01DA52427A1A40033FCAB /* SceneDelegate.swift */; };
		36E01DA82427A1A40033FCAB /* ViewController.swift in Sources */ = {isa = PBXBuildFile; fileRef = 36E01DA72427A1A40033FCAB /* ViewController.swift */; };
		36E01DAB2427A1A40033FCAB /* Main.storyboard in Resources */ = {isa = PBXBuildFile; fileRef = 36E01DA92427A1A40033FCAB /* Main.storyboard */; };
		36E01DAD2427A1A50033FCAB /* Assets.xcassets in Resources */ = {isa = PBXBuildFile; fileRef = 36E01DAC2427A1A50033FCAB /* Assets.xcassets */; };
		36E01DB02427A1A50033FCAB /* LaunchScreen.storyboard in Resources */ = {isa = PBXBuildFile; fileRef = 36E01DAE2427A1A50033FCAB /* LaunchScreen.storyboard */; };
/* End PBXBuildFile section */

/* Begin PBXFileReference section */
		36E01DA02427A1A40033FCAB /* 算法-计数排序.app */ = {isa = PBXFileReference; explicitFileType = wrapper.application; includeInIndex = 0; path = "算法-计数排序.app"; sourceTree = BUILT_PRODUCTS_DIR; };
		36E01DA32427A1A40033FCAB /* AppDelegate.swift */ = {isa = PBXFileReference; lastKnownFileType = sourcecode.swift; path = AppDelegate.swift; sourceTree = "<group>"; };
		36E01DA52427A1A40033FCAB /* SceneDelegate.swift */ = {isa = PBXFileReference; lastKnownFileType = sourcecode.swift; path = SceneDelegate.swift; sourceTree = "<group>"; };
		36E01DA72427A1A40033FCAB /* ViewController.swift */ = {isa = PBXFileReference; lastKnownFileType = sourcecode.swift; path = ViewController.swift; sourceTree = "<group>"; };
		36E01DAA2427A1A40033FCAB /* Base */ = {isa = PBXFileReference; lastKnownFileType = file.storyboard; name = Base; path = Base.lproj/Main.storyboard; sourceTree = "<group>"; };
		36E01DAC2427A1A50033FCAB /* Assets.xcassets */ = {isa = PBXFileReference; lastKnownFileType = folder.assetcatalog; path = Assets.xcassets; sourceTree = "<group>"; };
		36E01DAF2427A1A50033FCAB /* Base */ = {isa = PBXFileReference; lastKnownFileType = file.storyboard; name = Base; path = Base.lproj/LaunchScreen.storyboard; sourceTree = "<group>"; };
		36E01DB12427A1A50033FCAB /* Info.plist */ = {isa = PBXFileReference; lastKnownFileType = text.plist.xml; path = Info.plist; sourceTree = "<group>"; };
/* End PBXFileReference section */

/* Begin PBXFrameworksBuildPhase section */
		36E01D9D2427A1A40033FCAB /* Frameworks */ = {
			isa = PBXFrameworksBuildPhase;
			buildActionMask = 2147483647;
			files = (
			);
			runOnlyForDeploymentPostprocessing = 0;
		};
/* End PBXFrameworksBuildPhase section */

/* Begin PBXGroup section */
		36E01D972427A1A40033FCAB = {
			isa = PBXGroup;
			children = (
				36E01DA22427A1A40033FCAB /* 算法-计数排序 */,
				36E01DA12427A1A40033FCAB /* Products */,
			);
			sourceTree = "<group>";
		};
		36E01DA12427A1A40033FCAB /* Products */ = {
			isa = PBXGroup;
			children = (
				36E01DA02427A1A40033FCAB /* 算法-计数排序.app */,
			);
			name = Products;
			sourceTree = "<group>";
		};
		36E01DA22427A1A40033FCAB /* 算法-计数排序 */ = {
			isa = PBXGroup;
			children = (
				36E01DA32427A1A40033FCAB /* AppDelegate.swift */,
				36E01DA52427A1A40033FCAB /* SceneDelegate.swift */,
				36E01DA72427A1A40033FCAB /* ViewController.swift */,
				36E01DA92427A1A40033FCAB /* Main.storyboard */,
				36E01DAC2427A1A50033FCAB /* Assets.xcassets */,
				36E01DAE2427A1A50033FCAB /* LaunchScreen.storyboard */,
				36E01DB12427A1A50033FCAB /* Info.plist */,
			);
			path = "算法-计数排序";
			sourceTree = "<group>";
		};
/* End PBXGroup section */

/* Begin PBXNativeTarget section */
		36E01D9F2427A1A40033FCAB /* 算法-计数排序 */ = {
			isa = PBXNativeTarget;
			buildConfigurationList = 36E01DB42427A1A50033FCAB /* Build configuration list for PBXNativeTarget "算法-计数排序" */;
			buildPhases = (
				36E01D9C2427A1A40033FCAB /* Sources */,
				36E01D9D2427A1A40033FCAB /* Frameworks */,
				36E01D9E2427A1A40033FCAB /* Resources */,
			);
			buildRules = (
			);
			dependencies = (
			);
			name = "算法-计数排序";
			productName = "算法-计数排序";
			productReference = 36E01DA02427A1A40033FCAB /* 算法-计数排序.app */;
			productType = "com.apple.product-type.application";
		};
/* End PBXNativeTarget section */

/* Begin PBXProject section */
		36E01D982427A1A40033FCAB /* Project object */ = {
			isa = PBXProject;
			attributes = {
				LastSwiftUpdateCheck = 1130;
				LastUpgradeCheck = 1130;
				ORGANIZATIONNAME = xj;
				TargetAttributes = {
					36E01D9F2427A1A40033FCAB = {
						CreatedOnToolsVersion = 11.3.1;
					};
				};
			};
			buildConfigurationList = 36E01D9B2427A1A40033FCAB /* Build configuration list for PBXProject "算法-计数排序" */;
			compatibilityVersion = "Xcode 9.3";
			developmentRegion = en;
			hasScannedForEncodings = 0;
			knownRegions = (
				en,
				Base,
			);
			mainGroup = 36E01D972427A1A40033FCAB;
			productRefGroup = 36E01DA12427A1A40033FCAB /* Products */;
			projectDirPath = "";
			projectRoot = "";
			targets = (
				36E01D9F2427A1A40033FCAB /* 算法-计数排序 */,
			);
		};
/* End PBXProject section */

/* Begin PBXResourcesBuildPhase section */
		36E01D9E2427A1A40033FCAB /* Resources */ = {
			isa = PBXResourcesBuildPhase;
			buildActionMask = 2147483647;
			files = (
				36E01DB02427A1A50033FCAB /* LaunchScreen.storyboard in Resources */,
				36E01DAD2427A1A50033FCAB /* Assets.xcassets in Resources */,
				36E01DAB2427A1A40033FCAB /* Main.storyboard in Resources */,
			);
			runOnlyForDeploymentPostprocessing = 0;
		};
/* End PBXResourcesBuildPhase section */

/* Begin PBXSourcesBuildPhase section */
		36E01D9C2427A1A40033FCAB /* Sources */ = {
			isa = PBXSourcesBuildPhase;
			buildActionMask = 2147483647;
			files = (
				36E01DA82427A1A40033FCAB /* ViewController.swift in Sources */,
				36E01DA42427A1A40033FCAB /* AppDelegate.swift in Sources */,
				36E01DA62427A1A40033FCAB /* SceneDelegate.swift in Sources */,
			);
			runOnlyForDeploymentPostprocessing = 0;
		};
/* End PBXSourcesBuildPhase section */

/* Begin PBXVariantGroup section */
		36E01DA92427A1A40033FCAB /* Main.storyboard */ = {
			isa = PBXVariantGroup;
			children = (
				36E01DAA2427A1A40033FCAB /* Base */,
			);
			name = Main.storyboard;
			sourceTree = "<group>";
		};
		36E01DAE2427A1A50033FCAB /* LaunchScreen.storyboard */ = {
			isa = PBXVariantGroup;
			children = (
				36E01DAF2427A1A50033FCAB /* Base */,
			);
			name = LaunchScreen.storyboard;
			sourceTree = "<group>";
		};
/* End PBXVariantGroup section */

/* Begin XCBuildConfiguration section */
		36E01DB22427A1A50033FCAB /* Debug */ = {
			isa = XCBuildConfiguration;
			buildSettings = {
				ALWAYS_SEARCH_USER_PATHS = NO;
				CLANG_ANALYZER_NONNULL = YES;
				CLANG_ANALYZER_NUMBER_OBJECT_CONVERSION = YES_AGGRESSIVE;
				CLANG_CXX_LANGUAGE_STANDARD = "gnu++14";
				CLANG_CXX_LIBRARY = "libc++";
				CLANG_ENABLE_MODULES = YES;
				CLANG_ENABLE_OBJC_ARC = YES;
				CLANG_ENABLE_OBJC_WEAK = YES;
				CLANG_WARN_BLOCK_CAPTURE_AUTORELEASING = YES;
				CLANG_WARN_BOOL_CONVERSION = YES;
				CLANG_WARN_COMMA = YES;
				CLANG_WARN_CONSTANT_CONVERSION = YES;
				CLANG_WARN_DEPRECATED_OBJC_IMPLEMENTATIONS = YES;
				CLANG_WARN_DIRECT_OBJC_ISA_USAGE = YES_ERROR;
				CLANG_WARN_DOCUMENTATION_COMMENTS = YES;
				CLANG_WARN_EMPTY_BODY = YES;
				CLANG_WARN_ENUM_CONVERSION = YES;
				CLANG_WARN_INFINITE_RECURSION = YES;
				CLANG_WARN_INT_CONVERSION = YES;
				CLANG_WARN_NON_LITERAL_NULL_CONVERSION = YES;
				CLANG_WARN_OBJC_IMPLICIT_RETAIN_SELF = YES;
				CLANG_WARN_OBJC_LITERAL_CONVERSION = YES;
				CLANG_WARN_OBJC_ROOT_CLASS = YES_ERROR;
				CLANG_WARN_RANGE_LOOP_ANALYSIS = YES;
				CLANG_WARN_STRICT_PROTOTYPES = YES;
				CLANG_WARN_SUSPICIOUS_MOVE = YES;
				CLANG_WARN_UNGUARDED_AVAILABILITY = YES_AGGRESSIVE;
				CLANG_WARN_UNREACHABLE_CODE = YES;
				CLANG_WARN__DUPLICATE_METHOD_MATCH = YES;
				COPY_PHASE_STRIP = NO;
				DEBUG_INFORMATION_FORMAT = dwarf;
				ENABLE_STRICT_OBJC_MSGSEND = YES;
				ENABLE_TESTABILITY = YES;
				GCC_C_LANGUAGE_STANDARD = gnu11;
				GCC_DYNAMIC_NO_PIC = NO;
				GCC_NO_COMMON_BLOCKS = YES;
				GCC_OPTIMIZATION_LEVEL = 0;
				GCC_PREPROCESSOR_DEFINITIONS = (
					"DEBUG=1",
					"$(inherited)",
				);
				GCC_WARN_64_TO_32_BIT_CONVERSION = YES;
				GCC_WARN_ABOUT_RETURN_TYPE = YES_ERROR;
				GCC_WARN_UNDECLARED_SELECTOR = YES;
				GCC_WARN_UNINITIALIZED_AUTOS = YES_AGGRESSIVE;
				GCC_WARN_UNUSED_FUNCTION = YES;
				GCC_WARN_UNUSED_VARIABLE = YES;
				IPHONEOS_DEPLOYMENT_TARGET = 13.2;
				MTL_ENABLE_DEBUG_INFO = INCLUDE_SOURCE;
				MTL_FAST_MATH = YES;
				ONLY_ACTIVE_ARCH = YES;
				SDKROOT = iphoneos;
				SWIFT_ACTIVE_COMPILATION_CONDITIONS = DEBUG;
				SWIFT_OPTIMIZATION_LEVEL = "-Onone";
			};
			name = Debug;
		};
		36E01DB32427A1A50033FCAB /* Release */ = {
			isa = XCBuildConfiguration;
			buildSettings = {
				ALWAYS_SEARCH_USER_PATHS = NO;
				CLANG_ANALYZER_NONNULL = YES;
				CLANG_ANALYZER_NUMBER_OBJECT_CONVERSION = YES_AGGRESSIVE;
				CLANG_CXX_LANGUAGE_STANDARD = "gnu++14";
				CLANG_CXX_LIBRARY = "libc++";
				CLANG_ENABLE_MODULES = YES;
				CLANG_ENABLE_OBJC_ARC = YES;
				CLANG_ENABLE_OBJC_WEAK = YES;
				CLANG_WARN_BLOCK_CAPTURE_AUTORELEASING = YES;
				CLANG_WARN_BOOL_CONVERSION = YES;
				CLANG_WARN_COMMA = YES;
				CLANG_WARN_CONSTANT_CONVERSION = YES;
				CLANG_WARN_DEPRECATED_OBJC_IMPLEMENTATIONS = YES;
				CLANG_WARN_DIRECT_OBJC_ISA_USAGE = YES_ERROR;
				CLANG_WARN_DOCUMENTATION_COMMENTS = YES;
				CLANG_WARN_EMPTY_BODY = YES;
				CLANG_WARN_ENUM_CONVERSION = YES;
				CLANG_WARN_INFINITE_RECURSION = YES;
				CLANG_WARN_INT_CONVERSION = YES;
				CLANG_WARN_NON_LITERAL_NULL_CONVERSION = YES;
				CLANG_WARN_OBJC_IMPLICIT_RETAIN_SELF = YES;
				CLANG_WARN_OBJC_LITERAL_CONVERSION = YES;
				CLANG_WARN_OBJC_ROOT_CLASS = YES_ERROR;
				CLANG_WARN_RANGE_LOOP_ANALYSIS = YES;
				CLANG_WARN_STRICT_PROTOTYPES = YES;
				CLANG_WARN_SUSPICIOUS_MOVE = YES;
				CLANG_WARN_UNGUARDED_AVAILABILITY = YES_AGGRESSIVE;
				CLANG_WARN_UNREACHABLE_CODE = YES;
				CLANG_WARN__DUPLICATE_METHOD_MATCH = YES;
				COPY_PHASE_STRIP = NO;
				DEBUG_INFORMATION_FORMAT = "dwarf-with-dsym";
				ENABLE_NS_ASSERTIONS = NO;
				ENABLE_STRICT_OBJC_MSGSEND = YES;
				GCC_C_LANGUAGE_STANDARD = gnu11;
				GCC_NO_COMMON_BLOCKS = YES;
				GCC_WARN_64_TO_32_BIT_CONVERSION = YES;
				GCC_WARN_ABOUT_RETURN_TYPE = YES_ERROR;
				GCC_WARN_UNDECLARED_SELECTOR = YES;
				GCC_WARN_UNINITIALIZED_AUTOS = YES_AGGRESSIVE;
				GCC_WARN_UNUSED_FUNCTION = YES;
				GCC_WARN_UNUSED_VARIABLE = YES;
				IPHONEOS_DEPLOYMENT_TARGET = 13.2;
				MTL_ENABLE_DEBUG_INFO = NO;
				MTL_FAST_MATH = YES;
				SDKROOT = iphoneos;
				SWIFT_COMPILATION_MODE = wholemodule;
				SWIFT_OPTIMIZATION_LEVEL = "-O";
				VALIDATE_PRODUCT = YES;
			};
			name = Release;
		};
		36E01DB52427A1A50033FCAB /* Debug */ = {
			isa = XCBuildConfiguration;
			buildSettings = {
				ASSETCATALOG_COMPILER_APPICON_NAME = AppIcon;
				CODE_SIGN_STYLE = Automatic;
				INFOPLIST_FILE = "算法-计数排序/Info.plist";
				LD_RUNPATH_SEARCH_PATHS = (
					"$(inherited)",
					"@executable_path/Frameworks",
				);
				PRODUCT_BUNDLE_IDENTIFIER = "com.meten.ABCAPP.-------";
				PRODUCT_NAME = "$(TARGET_NAME)";
				SWIFT_VERSION = 5.0;
				TARGETED_DEVICE_FAMILY = "1,2";
			};
			name = Debug;
		};
		36E01DB62427A1A50033FCAB /* Release */ = {
			isa = XCBuildConfiguration;
			buildSettings = {
				ASSETCATALOG_COMPILER_APPICON_NAME = AppIcon;
				CODE_SIGN_STYLE = Automatic;
				INFOPLIST_FILE = "算法-计数排序/Info.plist";
				LD_RUNPATH_SEARCH_PATHS = (
					"$(inherited)",
					"@executable_path/Frameworks",
				);
				PRODUCT_BUNDLE_IDENTIFIER = "com.meten.ABCAPP.-------";
				PRODUCT_NAME = "$(TARGET_NAME)";
				SWIFT_VERSION = 5.0;
				TARGETED_DEVICE_FAMILY = "1,2";
			};
			name = Release;
		};
/* End XCBuildConfiguration section */

/* Begin XCConfigurationList section */
		36E01D9B2427A1A40033FCAB /* Build configuration list for PBXProject "算法-计数排序" */ = {
			isa = XCConfigurationList;
			buildConfigurations = (
				36E01DB22427A1A50033FCAB /* Debug */,
				36E01DB32427A1A50033FCAB /* Release */,
			);
			defaultConfigurationIsVisible = 0;
			defaultConfigurationName = Release;
		};
		36E01DB42427A1A50033FCAB /* Build configuration list for PBXNativeTarget "算法-计数排序" */ = {
			isa = XCConfigurationList;
			buildConfigurations = (
				36E01DB52427A1A50033FCAB /* Debug */,
				36E01DB62427A1A50033FCAB /* Release */,
			);
			defaultConfigurationIsVisible = 0;
			defaultConfigurationName = Release;
		};
/* End XCConfigurationList section */
	};
	rootObject = 36E01D982427A1A40033FCAB /* Project object */;
}
