// !$*UTF8*$!
{
	archiveVersion = 1;
	classes = {
	};
	objectVersion = 50;
	objects = {

/* Begin PBXBuildFile section */
		362EA1A1242A4D79002F83D7 /* AppDelegate.swift in Sources */ = {isa = PBXBuildFile; fileRef = 362EA1A0242A4D79002F83D7 /* AppDelegate.swift */; };
		362EA1A3242A4D79002F83D7 /* SceneDelegate.swift in Sources */ = {isa = PBXBuildFile; fileRef = 362EA1A2242A4D79002F83D7 /* SceneDelegate.swift */; };
		362EA1A5242A4D79002F83D7 /* ViewController.swift in Sources */ = {isa = PBXBuildFile; fileRef = 362EA1A4242A4D79002F83D7 /* ViewController.swift */; };
		362EA1A8242A4D79002F83D7 /* Main.storyboard in Resources */ = {isa = PBXBuildFile; fileRef = 362EA1A6242A4D79002F83D7 /* Main.storyboard */; };
		362EA1AA242A4D7C002F83D7 /* Assets.xcassets in Resources */ = {isa = PBXBuildFile; fileRef = 362EA1A9242A4D7C002F83D7 /* Assets.xcassets */; };
		362EA1AD242A4D7C002F83D7 /* LaunchScreen.storyboard in Resources */ = {isa = PBXBuildFile; fileRef = 362EA1AB242A4D7C002F83D7 /* LaunchScreen.storyboard */; };
/* End PBXBuildFile section */

/* Begin PBXFileReference section */
		362EA19D242A4D79002F83D7 /* 二分法-开根号.app */ = {isa = PBXFileReference; explicitFileType = wrapper.application; includeInIndex = 0; path = "二分法-开根号.app"; sourceTree = BUILT_PRODUCTS_DIR; };
		362EA1A0242A4D79002F83D7 /* AppDelegate.swift */ = {isa = PBXFileReference; lastKnownFileType = sourcecode.swift; path = AppDelegate.swift; sourceTree = "<group>"; };
		362EA1A2242A4D79002F83D7 /* SceneDelegate.swift */ = {isa = PBXFileReference; lastKnownFileType = sourcecode.swift; path = SceneDelegate.swift; sourceTree = "<group>"; };
		362EA1A4242A4D79002F83D7 /* ViewController.swift */ = {isa = PBXFileReference; lastKnownFileType = sourcecode.swift; path = ViewController.swift; sourceTree = "<group>"; };
		362EA1A7242A4D79002F83D7 /* Base */ = {isa = PBXFileReference; lastKnownFileType = file.storyboard; name = Base; path = Base.lproj/Main.storyboard; sourceTree = "<group>"; };
		362EA1A9242A4D7C002F83D7 /* Assets.xcassets */ = {isa = PBXFileReference; lastKnownFileType = folder.assetcatalog; path = Assets.xcassets; sourceTree = "<group>"; };
		362EA1AC242A4D7C002F83D7 /* Base */ = {isa = PBXFileReference; lastKnownFileType = file.storyboard; name = Base; path = Base.lproj/LaunchScreen.storyboard; sourceTree = "<group>"; };
		362EA1AE242A4D7C002F83D7 /* Info.plist */ = {isa = PBXFileReference; lastKnownFileType = text.plist.xml; path = Info.plist; sourceTree = "<group>"; };
/* End PBXFileReference section */

/* Begin PBXFrameworksBuildPhase section */
		362EA19A242A4D79002F83D7 /* Frameworks */ = {
			isa = PBXFrameworksBuildPhase;
			buildActionMask = 2147483647;
			files = (
			);
			runOnlyForDeploymentPostprocessing = 0;
		};
/* End PBXFrameworksBuildPhase section */

/* Begin PBXGroup section */
		362EA194242A4D79002F83D7 = {
			isa = PBXGroup;
			children = (
				362EA19F242A4D79002F83D7 /* 二分法-开根号 */,
				362EA19E242A4D79002F83D7 /* Products */,
			);
			sourceTree = "<group>";
		};
		362EA19E242A4D79002F83D7 /* Products */ = {
			isa = PBXGroup;
			children = (
				362EA19D242A4D79002F83D7 /* 二分法-开根号.app */,
			);
			name = Products;
			sourceTree = "<group>";
		};
		362EA19F242A4D79002F83D7 /* 二分法-开根号 */ = {
			isa = PBXGroup;
			children = (
				362EA1A0242A4D79002F83D7 /* AppDelegate.swift */,
				362EA1A2242A4D79002F83D7 /* SceneDelegate.swift */,
				362EA1A4242A4D79002F83D7 /* ViewController.swift */,
				362EA1A6242A4D79002F83D7 /* Main.storyboard */,
				362EA1A9242A4D7C002F83D7 /* Assets.xcassets */,
				362EA1AB242A4D7C002F83D7 /* LaunchScreen.storyboard */,
				362EA1AE242A4D7C002F83D7 /* Info.plist */,
			);
			path = "二分法-开根号";
			sourceTree = "<group>";
		};
/* End PBXGroup section */

/* Begin PBXNativeTarget section */
		362EA19C242A4D79002F83D7 /* 二分法-开根号 */ = {
			isa = PBXNativeTarget;
			buildConfigurationList = 362EA1B1242A4D7C002F83D7 /* Build configuration list for PBXNativeTarget "二分法-开根号" */;
			buildPhases = (
				362EA199242A4D79002F83D7 /* Sources */,
				362EA19A242A4D79002F83D7 /* Frameworks */,
				362EA19B242A4D79002F83D7 /* Resources */,
			);
			buildRules = (
			);
			dependencies = (
			);
			name = "二分法-开根号";
			productName = "二分法-开根号";
			productReference = 362EA19D242A4D79002F83D7 /* 二分法-开根号.app */;
			productType = "com.apple.product-type.application";
		};
/* End PBXNativeTarget section */

/* Begin PBXProject section */
		362EA195242A4D79002F83D7 /* Project object */ = {
			isa = PBXProject;
			attributes = {
				LastSwiftUpdateCheck = 1130;
				LastUpgradeCheck = 1130;
				ORGANIZATIONNAME = xj;
				TargetAttributes = {
					362EA19C242A4D79002F83D7 = {
						CreatedOnToolsVersion = 11.3.1;
					};
				};
			};
			buildConfigurationList = 362EA198242A4D79002F83D7 /* Build configuration list for PBXProject "二分法-开根号" */;
			compatibilityVersion = "Xcode 9.3";
			developmentRegion = en;
			hasScannedForEncodings = 0;
			knownRegions = (
				en,
				Base,
			);
			mainGroup = 362EA194242A4D79002F83D7;
			productRefGroup = 362EA19E242A4D79002F83D7 /* Products */;
			projectDirPath = "";
			projectRoot = "";
			targets = (
				362EA19C242A4D79002F83D7 /* 二分法-开根号 */,
			);
		};
/* End PBXProject section */

/* Begin PBXResourcesBuildPhase section */
		362EA19B242A4D79002F83D7 /* Resources */ = {
			isa = PBXResourcesBuildPhase;
			buildActionMask = 2147483647;
			files = (
				362EA1AD242A4D7C002F83D7 /* LaunchScreen.storyboard in Resources */,
				362EA1AA242A4D7C002F83D7 /* Assets.xcassets in Resources */,
				362EA1A8242A4D79002F83D7 /* Main.storyboard in Resources */,
			);
			runOnlyForDeploymentPostprocessing = 0;
		};
/* End PBXResourcesBuildPhase section */

/* Begin PBXSourcesBuildPhase section */
		362EA199242A4D79002F83D7 /* Sources */ = {
			isa = PBXSourcesBuildPhase;
			buildActionMask = 2147483647;
			files = (
				362EA1A5242A4D79002F83D7 /* ViewController.swift in Sources */,
				362EA1A1242A4D79002F83D7 /* AppDelegate.swift in Sources */,
				362EA1A3242A4D79002F83D7 /* SceneDelegate.swift in Sources */,
			);
			runOnlyForDeploymentPostprocessing = 0;
		};
/* End PBXSourcesBuildPhase section */

/* Begin PBXVariantGroup section */
		362EA1A6242A4D79002F83D7 /* Main.storyboard */ = {
			isa = PBXVariantGroup;
			children = (
				362EA1A7242A4D79002F83D7 /* Base */,
			);
			name = Main.storyboard;
			sourceTree = "<group>";
		};
		362EA1AB242A4D7C002F83D7 /* LaunchScreen.storyboard */ = {
			isa = PBXVariantGroup;
			children = (
				362EA1AC242A4D7C002F83D7 /* Base */,
			);
			name = LaunchScreen.storyboard;
			sourceTree = "<group>";
		};
/* End PBXVariantGroup section */

/* Begin XCBuildConfiguration section */
		362EA1AF242A4D7C002F83D7 /* Debug */ = {
			isa = XCBuildConfiguration;
			buildSettings = {
				ALWAYS_SEARCH_USER_PATHS = NO;
				CLANG_ANALYZER_NONNULL = YES;
				CLANG_ANALYZER_NUMBER_OBJECT_CONVERSION = YES_AGGRESSIVE;
				CLANG_CXX_LANGUAGE_STANDARD = "gnu++14";
				CLANG_CXX_LIBRARY = "libc++";
				CLANG_ENABLE_MODULES = YES;
				CLANG_ENABLE_OBJC_ARC = YES;
				CLANG_ENABLE_OBJC_WEAK = YES;
				CLANG_WARN_BLOCK_CAPTURE_AUTORELEASING = YES;
				CLANG_WARN_BOOL_CONVERSION = YES;
				CLANG_WARN_COMMA = YES;
				CLANG_WARN_CONSTANT_CONVERSION = YES;
				CLANG_WARN_DEPRECATED_OBJC_IMPLEMENTATIONS = YES;
				CLANG_WARN_DIRECT_OBJC_ISA_USAGE = YES_ERROR;
				CLANG_WARN_DOCUMENTATION_COMMENTS = YES;
				CLANG_WARN_EMPTY_BODY = YES;
				CLANG_WARN_ENUM_CONVERSION = YES;
				CLANG_WARN_INFINITE_RECURSION = YES;
				CLANG_WARN_INT_CONVERSION = YES;
				CLANG_WARN_NON_LITERAL_NULL_CONVERSION = YES;
				CLANG_WARN_OBJC_IMPLICIT_RETAIN_SELF = YES;
				CLANG_WARN_OBJC_LITERAL_CONVERSION = YES;
				CLANG_WARN_OBJC_ROOT_CLASS = YES_ERROR;
				CLANG_WARN_RANGE_LOOP_ANALYSIS = YES;
				CLANG_WARN_STRICT_PROTOTYPES = YES;
				CLANG_WARN_SUSPICIOUS_MOVE = YES;
				CLANG_WARN_UNGUARDED_AVAILABILITY = YES_AGGRESSIVE;
				CLANG_WARN_UNREACHABLE_CODE = YES;
				CLANG_WARN__DUPLICATE_METHOD_MATCH = YES;
				COPY_PHASE_STRIP = NO;
				DEBUG_INFORMATION_FORMAT = dwarf;
				ENABLE_STRICT_OBJC_MSGSEND = YES;
				ENABLE_TESTABILITY = YES;
				GCC_C_LANGUAGE_STANDARD = gnu11;
				GCC_DYNAMIC_NO_PIC = NO;
				GCC_NO_COMMON_BLOCKS = YES;
				GCC_OPTIMIZATION_LEVEL = 0;
				GCC_PREPROCESSOR_DEFINITIONS = (
					"DEBUG=1",
					"$(inherited)",
				);
				GCC_WARN_64_TO_32_BIT_CONVERSION = YES;
				GCC_WARN_ABOUT_RETURN_TYPE = YES_ERROR;
				GCC_WARN_UNDECLARED_SELECTOR = YES;
				GCC_WARN_UNINITIALIZED_AUTOS = YES_AGGRESSIVE;
				GCC_WARN_UNUSED_FUNCTION = YES;
				GCC_WARN_UNUSED_VARIABLE = YES;
				IPHONEOS_DEPLOYMENT_TARGET = 13.2;
				MTL_ENABLE_DEBUG_INFO = INCLUDE_SOURCE;
				MTL_FAST_MATH = YES;
				ONLY_ACTIVE_ARCH = YES;
				SDKROOT = iphoneos;
				SWIFT_ACTIVE_COMPILATION_CONDITIONS = DEBUG;
				SWIFT_OPTIMIZATION_LEVEL = "-Onone";
			};
			name = Debug;
		};
		362EA1B0242A4D7C002F83D7 /* Release */ = {
			isa = XCBuildConfiguration;
			buildSettings = {
				ALWAYS_SEARCH_USER_PATHS = NO;
				CLANG_ANALYZER_NONNULL = YES;
				CLANG_ANALYZER_NUMBER_OBJECT_CONVERSION = YES_AGGRESSIVE;
				CLANG_CXX_LANGUAGE_STANDARD = "gnu++14";
				CLANG_CXX_LIBRARY = "libc++";
				CLANG_ENABLE_MODULES = YES;
				CLANG_ENABLE_OBJC_ARC = YES;
				CLANG_ENABLE_OBJC_WEAK = YES;
				CLANG_WARN_BLOCK_CAPTURE_AUTORELEASING = YES;
				CLANG_WARN_BOOL_CONVERSION = YES;
				CLANG_WARN_COMMA = YES;
				CLANG_WARN_CONSTANT_CONVERSION = YES;
				CLANG_WARN_DEPRECATED_OBJC_IMPLEMENTATIONS = YES;
				CLANG_WARN_DIRECT_OBJC_ISA_USAGE = YES_ERROR;
				CLANG_WARN_DOCUMENTATION_COMMENTS = YES;
				CLANG_WARN_EMPTY_BODY = YES;
				CLANG_WARN_ENUM_CONVERSION = YES;
				CLANG_WARN_INFINITE_RECURSION = YES;
				CLANG_WARN_INT_CONVERSION = YES;
				CLANG_WARN_NON_LITERAL_NULL_CONVERSION = YES;
				CLANG_WARN_OBJC_IMPLICIT_RETAIN_SELF = YES;
				CLANG_WARN_OBJC_LITERAL_CONVERSION = YES;
				CLANG_WARN_OBJC_ROOT_CLASS = YES_ERROR;
				CLANG_WARN_RANGE_LOOP_ANALYSIS = YES;
				CLANG_WARN_STRICT_PROTOTYPES = YES;
				CLANG_WARN_SUSPICIOUS_MOVE = YES;
				CLANG_WARN_UNGUARDED_AVAILABILITY = YES_AGGRESSIVE;
				CLANG_WARN_UNREACHABLE_CODE = YES;
				CLANG_WARN__DUPLICATE_METHOD_MATCH = YES;
				COPY_PHASE_STRIP = NO;
				DEBUG_INFORMATION_FORMAT = "dwarf-with-dsym";
				ENABLE_NS_ASSERTIONS = NO;
				ENABLE_STRICT_OBJC_MSGSEND = YES;
				GCC_C_LANGUAGE_STANDARD = gnu11;
				GCC_NO_COMMON_BLOCKS = YES;
				GCC_WARN_64_TO_32_BIT_CONVERSION = YES;
				GCC_WARN_ABOUT_RETURN_TYPE = YES_ERROR;
				GCC_WARN_UNDECLARED_SELECTOR = YES;
				GCC_WARN_UNINITIALIZED_AUTOS = YES_AGGRESSIVE;
				GCC_WARN_UNUSED_FUNCTION = YES;
				GCC_WARN_UNUSED_VARIABLE = YES;
				IPHONEOS_DEPLOYMENT_TARGET = 13.2;
				MTL_ENABLE_DEBUG_INFO = NO;
				MTL_FAST_MATH = YES;
				SDKROOT = iphoneos;
				SWIFT_COMPILATION_MODE = wholemodule;
				SWIFT_OPTIMIZATION_LEVEL = "-O";
				VALIDATE_PRODUCT = YES;
			};
			name = Release;
		};
		362EA1B2242A4D7C002F83D7 /* Debug */ = {
			isa = XCBuildConfiguration;
			buildSettings = {
				ASSETCATALOG_COMPILER_APPICON_NAME = AppIcon;
				CODE_SIGN_STYLE = Automatic;
				INFOPLIST_FILE = "二分法-开根号/Info.plist";
				LD_RUNPATH_SEARCH_PATHS = (
					"$(inherited)",
					"@executable_path/Frameworks",
				);
				PRODUCT_BUNDLE_IDENTIFIER = "com.meten.ABCAPP.-------";
				PRODUCT_NAME = "$(TARGET_NAME)";
				SWIFT_VERSION = 5.0;
				TARGETED_DEVICE_FAMILY = "1,2";
			};
			name = Debug;
		};
		362EA1B3242A4D7C002F83D7 /* Release */ = {
			isa = XCBuildConfiguration;
			buildSettings = {
				ASSETCATALOG_COMPILER_APPICON_NAME = AppIcon;
				CODE_SIGN_STYLE = Automatic;
				INFOPLIST_FILE = "二分法-开根号/Info.plist";
				LD_RUNPATH_SEARCH_PATHS = (
					"$(inherited)",
					"@executable_path/Frameworks",
				);
				PRODUCT_BUNDLE_IDENTIFIER = "com.meten.ABCAPP.-------";
				PRODUCT_NAME = "$(TARGET_NAME)";
				SWIFT_VERSION = 5.0;
				TARGETED_DEVICE_FAMILY = "1,2";
			};
			name = Release;
		};
/* End XCBuildConfiguration section */

/* Begin XCConfigurationList section */
		362EA198242A4D79002F83D7 /* Build configuration list for PBXProject "二分法-开根号" */ = {
			isa = XCConfigurationList;
			buildConfigurations = (
				362EA1AF242A4D7C002F83D7 /* Debug */,
				362EA1B0242A4D7C002F83D7 /* Release */,
			);
			defaultConfigurationIsVisible = 0;
			defaultConfigurationName = Release;
		};
		362EA1B1242A4D7C002F83D7 /* Build configuration list for PBXNativeTarget "二分法-开根号" */ = {
			isa = XCConfigurationList;
			buildConfigurations = (
				362EA1B2242A4D7C002F83D7 /* Debug */,
				362EA1B3242A4D7C002F83D7 /* Release */,
			);
			defaultConfigurationIsVisible = 0;
			defaultConfigurationName = Release;
		};
/* End XCConfigurationList section */
	};
	rootObject = 362EA195242A4D79002F83D7 /* Project object */;
}
